
Microsoft Visual Studio Solution File, Format Version 12.00
# Visual Studio Version 16
VisualStudioVersion = 16.0.31205.134
MinimumVisualStudioVersion = 10.0.40219.1
Project("{FAE04EC0-301F-11D3-BF4B-00C04F79EFBC}") = "WebAppCase3", "WebAppCase3\WebAppCase3.csproj", "{D0E549B9-118D-46D6-A054-1AAA45A06BE9}"
EndProject
Global
	GlobalSection(SolutionConfigurationPlatforms) = preSolution
		Debug|Any CPU = Debug|Any CPU
		Release|Any CPU = Release|Any CPU
	EndGlobalSection
	GlobalSection(ProjectConfigurationPlatforms) = postSolution
		{D0E549B9-118D-46D6-A054-1AAA45A06BE9}.Debug|Any CPU.ActiveCfg = Debug|Any CPU
		{D0E549B9-118D-46D6-A054-1AAA45A06BE9}.Debug|Any CPU.Build.0 = Debug|Any CPU
		{D0E549B9-118D-46D6-A054-1AAA45A06BE9}.Release|Any CPU.ActiveCfg = Release|Any CPU
		{D0E549B9-118D-46D6-A054-1AAA45A06BE9}.Release|Any CPU.Build.0 = Release|Any CPU
	EndGlobalSection
	GlobalSection(SolutionProperties) = preSolution
		HideSolutionNode = FALSE
	EndGlobalSection
	GlobalSection(ExtensibilityGlobals) = postSolution
		SolutionGuid = {228F692B-04FB-464E-84E8-A91326C45E2F}
	EndGlobalSection
EndGlobal
